
Microsoft Visual Studio Solution File, Format Version 12.00
# Visual Studio Version 17
VisualStudioVersion = 17.5.33103.201
MinimumVisualStudioVersion = 10.0.40219.1
Project("{FAE04EC0-301F-11D3-BF4B-00C04F79EFBC}") = "QQAI2D WinForms", "QQAI2D WinForms.csproj", "{AF68F48A-8D9A-4872-80CF-09816C5AE8D0}"
EndProject
Global
	GlobalSection(SolutionConfigurationPlatforms) = preSolution
		Debug|Any CPU = Debug|Any CPU
		Release|Any CPU = Release|Any CPU
	EndGlobalSection
	GlobalSection(ProjectConfigurationPlatforms) = postSolution
		{AF68F48A-8D9A-4872-80CF-09816C5AE8D0}.Debug|Any CPU.ActiveCfg = Debug|Any CPU
		{AF68F48A-8D9A-4872-80CF-09816C5AE8D0}.Debug|Any CPU.Build.0 = Debug|Any CPU
		{AF68F48A-8D9A-4872-80CF-09816C5AE8D0}.Release|Any CPU.ActiveCfg = Release|Any CPU
		{AF68F48A-8D9A-4872-80CF-09816C5AE8D0}.Release|Any CPU.Build.0 = Release|Any CPU
	EndGlobalSection
	GlobalSection(SolutionProperties) = preSolution
		HideSolutionNode = FALSE
	EndGlobalSection
	GlobalSection(ExtensibilityGlobals) = postSolution
		SolutionGuid = {E8E67E6B-A367-41C3-B693-B1E81F6862A1}
	EndGlobalSection
EndGlobal
